
Microsoft Visual Studio Solution File, Format Version 12.00
# Visual Studio Version 17
VisualStudioVersion = 17.14.36203.30
MinimumVisualStudioVersion = 10.0.40219.1
Project("{FAE04EC0-301F-11D3-BF4B-00C04F79EFBC}") = "AMI.EduWork.2025", "AMI.EduWork.2025\AMI.EduWork.2025.csproj", "{2D3EB3B8-5881-44D4-8350-DBDD290A8E89}"
EndProject
Project("{FAE04EC0-301F-11D3-BF4B-00C04F79EFBC}") = "AMI.EduWork.2025.Client", "AMI.EduWork.2025.Client\AMI.EduWork.2025.Client.csproj", "{CE21C70C-43AB-44E7-82E8-D680CCA717CD}"
EndProject
Project("{FAE04EC0-301F-11D3-BF4B-00C04F79EFBC}") = "AMI.EduWork.2025.Data", "AMI.EduWork.2025.Data\AMI.EduWork.2025.Data.csproj", "{5975D5E1-EEAD-4FAC-9C31-CC9FC721C1FC}"
EndProject
Project("{FAE04EC0-301F-11D3-BF4B-00C04F79EFBC}") = "AMI.EduWork.2025.Domain", "AMI.EduWork.2025.Domain\AMI.EduWork.2025.Domain.csproj", "{79DF495A-D7C1-426D-9BCB-49187DA7E746}"
EndProject
Project("{FAE04EC0-301F-11D3-BF4B-00C04F79EFBC}") = "AMI.EduWork.2025.Test", "AMI.EduWork.2025.Test\AMI.EduWork.2025.Test.csproj", "{7F480DB2-9B48-41D8-AE17-F231B5964569}"
EndProject
Project("{E53339B2-1760-4266-BCC7-CA923CBCF16C}") = "docker-compose", "docker-compose.dcproj", "{81DDED9D-158B-E303-5F62-77A2896D2A5A}"
EndProject
Global
	GlobalSection(SolutionConfigurationPlatforms) = preSolution
		Debug|Any CPU = Debug|Any CPU
		Release|Any CPU = Release|Any CPU
	EndGlobalSection
	GlobalSection(ProjectConfigurationPlatforms) = postSolution
		{2D3EB3B8-5881-44D4-8350-DBDD290A8E89}.Debug|Any CPU.ActiveCfg = Debug|Any CPU
		{2D3EB3B8-5881-44D4-8350-DBDD290A8E89}.Debug|Any CPU.Build.0 = Debug|Any CPU
		{2D3EB3B8-5881-44D4-8350-DBDD290A8E89}.Release|Any CPU.ActiveCfg = Release|Any CPU
		{2D3EB3B8-5881-44D4-8350-DBDD290A8E89}.Release|Any CPU.Build.0 = Release|Any CPU
		{CE21C70C-43AB-44E7-82E8-D680CCA717CD}.Debug|Any CPU.ActiveCfg = Debug|Any CPU
		{CE21C70C-43AB-44E7-82E8-D680CCA717CD}.Debug|Any CPU.Build.0 = Debug|Any CPU
		{CE21C70C-43AB-44E7-82E8-D680CCA717CD}.Release|Any CPU.ActiveCfg = Release|Any CPU
		{CE21C70C-43AB-44E7-82E8-D680CCA717CD}.Release|Any CPU.Build.0 = Release|Any CPU
		{5975D5E1-EEAD-4FAC-9C31-CC9FC721C1FC}.Debug|Any CPU.ActiveCfg = Debug|Any CPU
		{5975D5E1-EEAD-4FAC-9C31-CC9FC721C1FC}.Debug|Any CPU.Build.0 = Debug|Any CPU
		{5975D5E1-EEAD-4FAC-9C31-CC9FC721C1FC}.Release|Any CPU.ActiveCfg = Release|Any CPU
		{5975D5E1-EEAD-4FAC-9C31-CC9FC721C1FC}.Release|Any CPU.Build.0 = Release|Any CPU
		{79DF495A-D7C1-426D-9BCB-49187DA7E746}.Debug|Any CPU.ActiveCfg = Debug|Any CPU
		{79DF495A-D7C1-426D-9BCB-49187DA7E746}.Debug|Any CPU.Build.0 = Debug|Any CPU
		{79DF495A-D7C1-426D-9BCB-49187DA7E746}.Release|Any CPU.ActiveCfg = Release|Any CPU
		{79DF495A-D7C1-426D-9BCB-49187DA7E746}.Release|Any CPU.Build.0 = Release|Any CPU
		{7F480DB2-9B48-41D8-AE17-F231B5964569}.Debug|Any CPU.ActiveCfg = Debug|Any CPU
		{7F480DB2-9B48-41D8-AE17-F231B5964569}.Debug|Any CPU.Build.0 = Debug|Any CPU
		{7F480DB2-9B48-41D8-AE17-F231B5964569}.Release|Any CPU.ActiveCfg = Release|Any CPU
		{7F480DB2-9B48-41D8-AE17-F231B5964569}.Release|Any CPU.Build.0 = Release|Any CPU
		{81DDED9D-158B-E303-5F62-77A2896D2A5A}.Debug|Any CPU.ActiveCfg = Debug|Any CPU
		{81DDED9D-158B-E303-5F62-77A2896D2A5A}.Debug|Any CPU.Build.0 = Debug|Any CPU
		{81DDED9D-158B-E303-5F62-77A2896D2A5A}.Release|Any CPU.ActiveCfg = Release|Any CPU
		{81DDED9D-158B-E303-5F62-77A2896D2A5A}.Release|Any CPU.Build.0 = Release|Any CPU
	EndGlobalSection
	GlobalSection(SolutionProperties) = preSolution
		HideSolutionNode = FALSE
	EndGlobalSection
	GlobalSection(ExtensibilityGlobals) = postSolution
		SolutionGuid = {8C40152D-8F9E-4438-BD00-CBE54B85CD43}
	EndGlobalSection
EndGlobal
